
Microsoft Visual Studio Solution File, Format Version 12.00
# Visual Studio 15
VisualStudioVersion = 15.0.27428.2011
MinimumVisualStudioVersion = 10.0.40219.1
Project("{FAE04EC0-301F-11D3-BF4B-00C04F79EFBC}") = "TheWarehouse", "TheWarehouse2\TheWarehouse.csproj", "{CE61CD36-1B11-4F32-A559-A943358E65C2}"
EndProject
Project("{FAE04EC0-301F-11D3-BF4B-00C04F79EFBC}") = "UACBypass", "UACBypass\UACBypass.csproj", "{DD768995-9CDB-4859-8310-CB5CA9370A37}"
EndProject
Global
	GlobalSection(SolutionConfigurationPlatforms) = preSolution
		Debug|Any CPU = Debug|Any CPU
		Release|Any CPU = Release|Any CPU
	EndGlobalSection
	GlobalSection(ProjectConfigurationPlatforms) = postSolution
		{CE61CD36-1B11-4F32-A559-A943358E65C2}.Debug|Any CPU.ActiveCfg = Debug|Any CPU
		{CE61CD36-1B11-4F32-A559-A943358E65C2}.Debug|Any CPU.Build.0 = Debug|Any CPU
		{CE61CD36-1B11-4F32-A559-A943358E65C2}.Release|Any CPU.ActiveCfg = Release|Any CPU
		{CE61CD36-1B11-4F32-A559-A943358E65C2}.Release|Any CPU.Build.0 = Release|Any CPU
		{DD768995-9CDB-4859-8310-CB5CA9370A37}.Debug|Any CPU.ActiveCfg = Debug|Any CPU
		{DD768995-9CDB-4859-8310-CB5CA9370A37}.Debug|Any CPU.Build.0 = Debug|Any CPU
		{DD768995-9CDB-4859-8310-CB5CA9370A37}.Release|Any CPU.ActiveCfg = Release|Any CPU
		{DD768995-9CDB-4859-8310-CB5CA9370A37}.Release|Any CPU.Build.0 = Release|Any CPU
	EndGlobalSection
	GlobalSection(SolutionProperties) = preSolution
		HideSolutionNode = FALSE
	EndGlobalSection
	GlobalSection(ExtensibilityGlobals) = postSolution
		SolutionGuid = {34343DBF-7D7F-439F-8D02-9A87B0F2142E}
	EndGlobalSection
EndGlobal
